// !$*UTF8*$!
{
	archiveVersion = 1;
	classes = {
	};
	objectVersion = 77;
	objects = {

/* Begin PBXContainerItemProxy section */
		87AF37A12CF4E930002A22BD /* PBXContainerItemProxy */ = {
			isa = PBXContainerItemProxy;
			containerPortal = 87AF37872CF4E92E002A22BD /* Project object */;
			proxyType = 1;
			remoteGlobalIDString = 87AF378E2CF4E92E002A22BD;
			remoteInfo = swiftPLP;
		};
		87AF37AB2CF4E930002A22BD /* PBXContainerItemProxy */ = {
			isa = PBXContainerItemProxy;
			containerPortal = 87AF37872CF4E92E002A22BD /* Project object */;
			proxyType = 1;
			remoteGlobalIDString = 87AF378E2CF4E92E002A22BD;
			remoteInfo = swiftPLP;
		};
/* End PBXContainerItemProxy section */

/* Begin PBXFileReference section */
		87AF378F2CF4E92E002A22BD /* swiftPLP.app */ = {isa = PBXFileReference; explicitFileType = wrapper.application; includeInIndex = 0; path = swiftPLP.app; sourceTree = BUILT_PRODUCTS_DIR; };
		87AF37A02CF4E930002A22BD /* swiftPLPTests.xctest */ = {isa = PBXFileReference; explicitFileType = wrapper.cfbundle; includeInIndex = 0; path = swiftPLPTests.xctest; sourceTree = BUILT_PRODUCTS_DIR; };
		87AF37AA2CF4E930002A22BD /* swiftPLPUITests.xctest */ = {isa = PBXFileReference; explicitFileType = wrapper.cfbundle; includeInIndex = 0; path = swiftPLPUITests.xctest; sourceTree = BUILT_PRODUCTS_DIR; };
/* End PBXFileReference section */

/* Begin PBXFileSystemSynchronizedRootGroup section */
		87AF37912CF4E92E002A22BD /* swiftPLP */ = {
			isa = PBXFileSystemSynchronizedRootGroup;
			path = swiftPLP;
			sourceTree = "<group>";
		};
		87AF37A32CF4E930002A22BD /* swiftPLPTests */ = {
			isa = PBXFileSystemSynchronizedRootGroup;
			path = swiftPLPTests;
			sourceTree = "<group>";
		};
		87AF37AD2CF4E930002A22BD /* swiftPLPUITests */ = {
			isa = PBXFileSystemSynchronizedRootGroup;
			path = swiftPLPUITests;
			sourceTree = "<group>";
		};
/* End PBXFileSystemSynchronizedRootGroup section */

/* Begin PBXFrameworksBuildPhase section */
		87AF378C2CF4E92E002A22BD /* Frameworks */ = {
			isa = PBXFrameworksBuildPhase;
			buildActionMask = 2147483647;
			files = (
			);
			runOnlyForDeploymentPostprocessing = 0;
		};
		87AF379D2CF4E930002A22BD /* Frameworks */ = {
			isa = PBXFrameworksBuildPhase;
			buildActionMask = 2147483647;
			files = (
			);
			runOnlyForDeploymentPostprocessing = 0;
		};
		87AF37A72CF4E930002A22BD /* Frameworks */ = {
			isa = PBXFrameworksBuildPhase;
			buildActionMask = 2147483647;
			files = (
			);
			runOnlyForDeploymentPostprocessing = 0;
		};
/* End PBXFrameworksBuildPhase section */

/* Begin PBXGroup section */
		87AF37862CF4E92E002A22BD = {
			isa = PBXGroup;
			children = (
				87AF37912CF4E92E002A22BD /* swiftPLP */,
				87AF37A32CF4E930002A22BD /* swiftPLPTests */,
				87AF37AD2CF4E930002A22BD /* swiftPLPUITests */,
				87AF37902CF4E92E002A22BD /* Products */,
			);
			sourceTree = "<group>";
		};
		87AF37902CF4E92E002A22BD /* Products */ = {
			isa = PBXGroup;
			children = (
				87AF378F2CF4E92E002A22BD /* swiftPLP.app */,
				87AF37A02CF4E930002A22BD /* swiftPLPTests.xctest */,
				87AF37AA2CF4E930002A22BD /* swiftPLPUITests.xctest */,
			);
			name = Products;
			sourceTree = "<group>";
		};
/* End PBXGroup section */

/* Begin PBXNativeTarget section */
		87AF378E2CF4E92E002A22BD /* swiftPLP */ = {
			isa = PBXNativeTarget;
			buildConfigurationList = 87AF37B42CF4E930002A22BD /* Build configuration list for PBXNativeTarget "swiftPLP" */;
			buildPhases = (
				87AF378B2CF4E92E002A22BD /* Sources */,
				87AF378C2CF4E92E002A22BD /* Frameworks */,
				87AF378D2CF4E92E002A22BD /* Resources */,
			);
			buildRules = (
			);
			dependencies = (
			);
			fileSystemSynchronizedGroups = (
				87AF37912CF4E92E002A22BD /* swiftPLP */,
			);
			name = swiftPLP;
			packageProductDependencies = (
			);
			productName = swiftPLP;
			productReference = 87AF378F2CF4E92E002A22BD /* swiftPLP.app */;
			productType = "com.apple.product-type.application";
		};
		87AF379F2CF4E930002A22BD /* swiftPLPTests */ = {
			isa = PBXNativeTarget;
			buildConfigurationList = 87AF37B72CF4E930002A22BD /* Build configuration list for PBXNativeTarget "swiftPLPTests" */;
			buildPhases = (
				87AF379C2CF4E930002A22BD /* Sources */,
				87AF379D2CF4E930002A22BD /* Frameworks */,
				87AF379E2CF4E930002A22BD /* Resources */,
			);
			buildRules = (
			);
			dependencies = (
				87AF37A22CF4E930002A22BD /* PBXTargetDependency */,
			);
			fileSystemSynchronizedGroups = (
				87AF37A32CF4E930002A22BD /* swiftPLPTests */,
			);
			name = swiftPLPTests;
			packageProductDependencies = (
			);
			productName = swiftPLPTests;
			productReference = 87AF37A02CF4E930002A22BD /* swiftPLPTests.xctest */;
			productType = "com.apple.product-type.bundle.unit-test";
		};
		87AF37A92CF4E930002A22BD /* swiftPLPUITests */ = {
			isa = PBXNativeTarget;
			buildConfigurationList = 87AF37BA2CF4E930002A22BD /* Build configuration list for PBXNativeTarget "swiftPLPUITests" */;
			buildPhases = (
				87AF37A62CF4E930002A22BD /* Sources */,
				87AF37A72CF4E930002A22BD /* Frameworks */,
				87AF37A82CF4E930002A22BD /* Resources */,
			);
			buildRules = (
			);
			dependencies = (
				87AF37AC2CF4E930002A22BD /* PBXTargetDependency */,
			);
			fileSystemSynchronizedGroups = (
				87AF37AD2CF4E930002A22BD /* swiftPLPUITests */,
			);
			name = swiftPLPUITests;
			packageProductDependencies = (
			);
			productName = swiftPLPUITests;
			productReference = 87AF37AA2CF4E930002A22BD /* swiftPLPUITests.xctest */;
			productType = "com.apple.product-type.bundle.ui-testing";
		};
/* End PBXNativeTarget section */

/* Begin PBXProject section */
		87AF37872CF4E92E002A22BD /* Project object */ = {
			isa = PBXProject;
			attributes = {
				BuildIndependentTargetsInParallel = 1;
				LastSwiftUpdateCheck = 1600;
				LastUpgradeCheck = 1600;
				TargetAttributes = {
					87AF378E2CF4E92E002A22BD = {
						CreatedOnToolsVersion = 16.0;
					};
					87AF379F2CF4E930002A22BD = {
						CreatedOnToolsVersion = 16.0;
						TestTargetID = 87AF378E2CF4E92E002A22BD;
					};
					87AF37A92CF4E930002A22BD = {
						CreatedOnToolsVersion = 16.0;
						TestTargetID = 87AF378E2CF4E92E002A22BD;
					};
				};
			};
			buildConfigurationList = 87AF378A2CF4E92E002A22BD /* Build configuration list for PBXProject "swiftPLP" */;
			developmentRegion = en;
			hasScannedForEncodings = 0;
			knownRegions = (
				en,
				Base,
			);
			mainGroup = 87AF37862CF4E92E002A22BD;
			minimizedProjectReferenceProxies = 1;
			preferredProjectObjectVersion = 77;
			productRefGroup = 87AF37902CF4E92E002A22BD /* Products */;
			projectDirPath = "";
			projectRoot = "";
			targets = (
				87AF378E2CF4E92E002A22BD /* swiftPLP */,
				87AF379F2CF4E930002A22BD /* swiftPLPTests */,
				87AF37A92CF4E930002A22BD /* swiftPLPUITests */,
			);
		};
/* End PBXProject section */

/* Begin PBXResourcesBuildPhase section */
		87AF378D2CF4E92E002A22BD /* Resources */ = {
			isa = PBXResourcesBuildPhase;
			buildActionMask = 2147483647;
			files = (
			);
			runOnlyForDeploymentPostprocessing = 0;
		};
		87AF379E2CF4E930002A22BD /* Resources */ = {
			isa = PBXResourcesBuildPhase;
			buildActionMask = 2147483647;
			files = (
			);
			runOnlyForDeploymentPostprocessing = 0;
		};
		87AF37A82CF4E930002A22BD /* Resources */ = {
			isa = PBXResourcesBuildPhase;
			buildActionMask = 2147483647;
			files = (
			);
			runOnlyForDeploymentPostprocessing = 0;
		};
/* End PBXResourcesBuildPhase section */

/* Begin PBXSourcesBuildPhase section */
		87AF378B2CF4E92E002A22BD /* Sources */ = {
			isa = PBXSourcesBuildPhase;
			buildActionMask = 2147483647;
			files = (
			);
			runOnlyForDeploymentPostprocessing = 0;
		};
		87AF379C2CF4E930002A22BD /* Sources */ = {
			isa = PBXSourcesBuildPhase;
			buildActionMask = 2147483647;
			files = (
			);
			runOnlyForDeploymentPostprocessing = 0;
		};
		87AF37A62CF4E930002A22BD /* Sources */ = {
			isa = PBXSourcesBuildPhase;
			buildActionMask = 2147483647;
			files = (
			);
			runOnlyForDeploymentPostprocessing = 0;
		};
/* End PBXSourcesBuildPhase section */

/* Begin PBXTargetDependency section */
		87AF37A22CF4E930002A22BD /* PBXTargetDependency */ = {
			isa = PBXTargetDependency;
			target = 87AF378E2CF4E92E002A22BD /* swiftPLP */;
			targetProxy = 87AF37A12CF4E930002A22BD /* PBXContainerItemProxy */;
		};
		87AF37AC2CF4E930002A22BD /* PBXTargetDependency */ = {
			isa = PBXTargetDependency;
			target = 87AF378E2CF4E92E002A22BD /* swiftPLP */;
			targetProxy = 87AF37AB2CF4E930002A22BD /* PBXContainerItemProxy */;
		};
/* End PBXTargetDependency section */

/* Begin XCBuildConfiguration section */
		87AF37B22CF4E930002A22BD /* Debug */ = {
			isa = XCBuildConfiguration;
			buildSettings = {
				ALWAYS_SEARCH_USER_PATHS = NO;
				ASSETCATALOG_COMPILER_GENERATE_SWIFT_ASSET_SYMBOL_EXTENSIONS = YES;
				CLANG_ANALYZER_NONNULL = YES;
				CLANG_ANALYZER_NUMBER_OBJECT_CONVERSION = YES_AGGRESSIVE;
				CLANG_CXX_LANGUAGE_STANDARD = "gnu++20";
				CLANG_ENABLE_MODULES = YES;
				CLANG_ENABLE_OBJC_ARC = YES;
				CLANG_ENABLE_OBJC_WEAK = YES;
				CLANG_WARN_BLOCK_CAPTURE_AUTORELEASING = YES;
				CLANG_WARN_BOOL_CONVERSION = YES;
				CLANG_WARN_COMMA = YES;
				CLANG_WARN_CONSTANT_CONVERSION = YES;
				CLANG_WARN_DEPRECATED_OBJC_IMPLEMENTATIONS = YES;
				CLANG_WARN_DIRECT_OBJC_ISA_USAGE = YES_ERROR;
				CLANG_WARN_DOCUMENTATION_COMMENTS = YES;
				CLANG_WARN_EMPTY_BODY = YES;
				CLANG_WARN_ENUM_CONVERSION = YES;
				CLANG_WARN_INFINITE_RECURSION = YES;
				CLANG_WARN_INT_CONVERSION = YES;
				CLANG_WARN_NON_LITERAL_NULL_CONVERSION = YES;
				CLANG_WARN_OBJC_IMPLICIT_RETAIN_SELF = YES;
				CLANG_WARN_OBJC_LITERAL_CONVERSION = YES;
				CLANG_WARN_OBJC_ROOT_CLASS = YES_ERROR;
				CLANG_WARN_QUOTED_INCLUDE_IN_FRAMEWORK_HEADER = YES;
				CLANG_WARN_RANGE_LOOP_ANALYSIS = YES;
				CLANG_WARN_STRICT_PROTOTYPES = YES;
				CLANG_WARN_SUSPICIOUS_MOVE = YES;
				CLANG_WARN_UNGUARDED_AVAILABILITY = YES_AGGRESSIVE;
				CLANG_WARN_UNREACHABLE_CODE = YES;
				CLANG_WARN__DUPLICATE_METHOD_MATCH = YES;
				COPY_PHASE_STRIP = NO;
				DEBUG_INFORMATION_FORMAT = dwarf;
				ENABLE_STRICT_OBJC_MSGSEND = YES;
				ENABLE_TESTABILITY = YES;
				ENABLE_USER_SCRIPT_SANDBOXING = YES;
				GCC_C_LANGUAGE_STANDARD = gnu17;
				GCC_DYNAMIC_NO_PIC = NO;
				GCC_NO_COMMON_BLOCKS = YES;
				GCC_OPTIMIZATION_LEVEL = 0;
				GCC_PREPROCESSOR_DEFINITIONS = (
					"DEBUG=1",
					"$(inherited)",
				);
				GCC_WARN_64_TO_32_BIT_CONVERSION = YES;
				GCC_WARN_ABOUT_RETURN_TYPE = YES_ERROR;
				GCC_WARN_UNDECLARED_SELECTOR = YES;
				GCC_WARN_UNINITIALIZED_AUTOS = YES_AGGRESSIVE;
				GCC_WARN_UNUSED_FUNCTION = YES;
				GCC_WARN_UNUSED_VARIABLE = YES;
				LOCALIZATION_PREFERS_STRING_CATALOGS = YES;
				MACOSX_DEPLOYMENT_TARGET = 15.0;
				MTL_ENABLE_DEBUG_INFO = INCLUDE_SOURCE;
				MTL_FAST_MATH = YES;
				ONLY_ACTIVE_ARCH = YES;
				SDKROOT = macosx;
				SWIFT_ACTIVE_COMPILATION_CONDITIONS = "DEBUG $(inherited)";
				SWIFT_OPTIMIZATION_LEVEL = "-Onone";
			};
			name = Debug;
		};
		87AF37B32CF4E930002A22BD /* Release */ = {
			isa = XCBuildConfiguration;
			buildSettings = {
				ALWAYS_SEARCH_USER_PATHS = NO;
				ASSETCATALOG_COMPILER_GENERATE_SWIFT_ASSET_SYMBOL_EXTENSIONS = YES;
				CLANG_ANALYZER_NONNULL = YES;
				CLANG_ANALYZER_NUMBER_OBJECT_CONVERSION = YES_AGGRESSIVE;
				CLANG_CXX_LANGUAGE_STANDARD = "gnu++20";
				CLANG_ENABLE_MODULES = YES;
				CLANG_ENABLE_OBJC_ARC = YES;
				CLANG_ENABLE_OBJC_WEAK = YES;
				CLANG_WARN_BLOCK_CAPTURE_AUTORELEASING = YES;
				CLANG_WARN_BOOL_CONVERSION = YES;
				CLANG_WARN_COMMA = YES;
				CLANG_WARN_CONSTANT_CONVERSION = YES;
				CLANG_WARN_DEPRECATED_OBJC_IMPLEMENTATIONS = YES;
				CLANG_WARN_DIRECT_OBJC_ISA_USAGE = YES_ERROR;
				CLANG_WARN_DOCUMENTATION_COMMENTS = YES;
				CLANG_WARN_EMPTY_BODY = YES;
				CLANG_WARN_ENUM_CONVERSION = YES;
				CLANG_WARN_INFINITE_RECURSION = YES;
				CLANG_WARN_INT_CONVERSION = YES;
				CLANG_WARN_NON_LITERAL_NULL_CONVERSION = YES;
				CLANG_WARN_OBJC_IMPLICIT_RETAIN_SELF = YES;
				CLANG_WARN_OBJC_LITERAL_CONVERSION = YES;
				CLANG_WARN_OBJC_ROOT_CLASS = YES_ERROR;
				CLANG_WARN_QUOTED_INCLUDE_IN_FRAMEWORK_HEADER = YES;
				CLANG_WARN_RANGE_LOOP_ANALYSIS = YES;
				CLANG_WARN_STRICT_PROTOTYPES = YES;
				CLANG_WARN_SUSPICIOUS_MOVE = YES;
				CLANG_WARN_UNGUARDED_AVAILABILITY = YES_AGGRESSIVE;
				CLANG_WARN_UNREACHABLE_CODE = YES;
				CLANG_WARN__DUPLICATE_METHOD_MATCH = YES;
				COPY_PHASE_STRIP = NO;
				DEBUG_INFORMATION_FORMAT = "dwarf-with-dsym";
				ENABLE_NS_ASSERTIONS = NO;
				ENABLE_STRICT_OBJC_MSGSEND = YES;
				ENABLE_USER_SCRIPT_SANDBOXING = YES;
				GCC_C_LANGUAGE_STANDARD = gnu17;
				GCC_NO_COMMON_BLOCKS = YES;
				GCC_WARN_64_TO_32_BIT_CONVERSION = YES;
				GCC_WARN_ABOUT_RETURN_TYPE = YES_ERROR;
				GCC_WARN_UNDECLARED_SELECTOR = YES;
				GCC_WARN_UNINITIALIZED_AUTOS = YES_AGGRESSIVE;
				GCC_WARN_UNUSED_FUNCTION = YES;
				GCC_WARN_UNUSED_VARIABLE = YES;
				LOCALIZATION_PREFERS_STRING_CATALOGS = YES;
				MACOSX_DEPLOYMENT_TARGET = 15.0;
				MTL_ENABLE_DEBUG_INFO = NO;
				MTL_FAST_MATH = YES;
				SDKROOT = macosx;
				SWIFT_COMPILATION_MODE = wholemodule;
			};
			name = Release;
		};
		87AF37B52CF4E930002A22BD /* Debug */ = {
			isa = XCBuildConfiguration;
			buildSettings = {
				ASSETCATALOG_COMPILER_APPICON_NAME = AppIcon;
				ASSETCATALOG_COMPILER_GLOBAL_ACCENT_COLOR_NAME = AccentColor;
				CODE_SIGN_ENTITLEMENTS = swiftPLP/swiftPLP.entitlements;
				CODE_SIGN_STYLE = Automatic;
				COMBINE_HIDPI_IMAGES = YES;
				CURRENT_PROJECT_VERSION = 1;
				DEVELOPMENT_ASSET_PATHS = "\"swiftPLP/Preview Content\"";
				DEVELOPMENT_TEAM = 5QV8LT4R33;
				ENABLE_HARDENED_RUNTIME = YES;
				ENABLE_PREVIEWS = YES;
				GENERATE_INFOPLIST_FILE = YES;
				INFOPLIST_KEY_LSApplicationCategoryType = "public.app-category.developer-tools";
				INFOPLIST_KEY_NSHumanReadableCopyright = "";
				LD_RUNPATH_SEARCH_PATHS = (
					"$(inherited)",
					"@executable_path/../Frameworks",
				);
				MARKETING_VERSION = 1.0;
				PRODUCT_BUNDLE_IDENTIFIER = org.canfly.swiftPLP;
				PRODUCT_NAME = "$(TARGET_NAME)";
				SWIFT_EMIT_LOC_STRINGS = YES;
				SWIFT_VERSION = 5.0;
			};
			name = Debug;
		};
		87AF37B62CF4E930002A22BD /* Release */ = {
			isa = XCBuildConfiguration;
			buildSettings = {
				ASSETCATALOG_COMPILER_APPICON_NAME = AppIcon;
				ASSETCATALOG_COMPILER_GLOBAL_ACCENT_COLOR_NAME = AccentColor;
				CODE_SIGN_ENTITLEMENTS = swiftPLP/swiftPLP.entitlements;
				CODE_SIGN_STYLE = Automatic;
				COMBINE_HIDPI_IMAGES = YES;
				CURRENT_PROJECT_VERSION = 1;
				DEVELOPMENT_ASSET_PATHS = "\"swiftPLP/Preview Content\"";
				DEVELOPMENT_TEAM = 5QV8LT4R33;
				ENABLE_HARDENED_RUNTIME = YES;
				ENABLE_PREVIEWS = YES;
				GENERATE_INFOPLIST_FILE = YES;
				INFOPLIST_KEY_LSApplicationCategoryType = "public.app-category.developer-tools";
				INFOPLIST_KEY_NSHumanReadableCopyright = "";
				LD_RUNPATH_SEARCH_PATHS = (
					"$(inherited)",
					"@executable_path/../Frameworks",
				);
				MARKETING_VERSION = 1.0;
				PRODUCT_BUNDLE_IDENTIFIER = org.canfly.swiftPLP;
				PRODUCT_NAME = "$(TARGET_NAME)";
				SWIFT_EMIT_LOC_STRINGS = YES;
				SWIFT_VERSION = 5.0;
			};
			name = Release;
		};
		87AF37B82CF4E930002A22BD /* Debug */ = {
			isa = XCBuildConfiguration;
			buildSettings = {
				BUNDLE_LOADER = "$(TEST_HOST)";
				CODE_SIGN_STYLE = Automatic;
				CURRENT_PROJECT_VERSION = 1;
				DEVELOPMENT_TEAM = 5QV8LT4R33;
				GENERATE_INFOPLIST_FILE = YES;
				MACOSX_DEPLOYMENT_TARGET = 15.0;
				MARKETING_VERSION = 1.0;
				PRODUCT_BUNDLE_IDENTIFIER = org.canfly.swiftPLPTests;
				PRODUCT_NAME = "$(TARGET_NAME)";
				SWIFT_EMIT_LOC_STRINGS = NO;
				SWIFT_VERSION = 5.0;
				TEST_HOST = "$(BUILT_PRODUCTS_DIR)/swiftPLP.app/$(BUNDLE_EXECUTABLE_FOLDER_PATH)/swiftPLP";
			};
			name = Debug;
		};
		87AF37B92CF4E930002A22BD /* Release */ = {
			isa = XCBuildConfiguration;
			buildSettings = {
				BUNDLE_LOADER = "$(TEST_HOST)";
				CODE_SIGN_STYLE = Automatic;
				CURRENT_PROJECT_VERSION = 1;
				DEVELOPMENT_TEAM = 5QV8LT4R33;
				GENERATE_INFOPLIST_FILE = YES;
				MACOSX_DEPLOYMENT_TARGET = 15.0;
				MARKETING_VERSION = 1.0;
				PRODUCT_BUNDLE_IDENTIFIER = org.canfly.swiftPLPTests;
				PRODUCT_NAME = "$(TARGET_NAME)";
				SWIFT_EMIT_LOC_STRINGS = NO;
				SWIFT_VERSION = 5.0;
				TEST_HOST = "$(BUILT_PRODUCTS_DIR)/swiftPLP.app/$(BUNDLE_EXECUTABLE_FOLDER_PATH)/swiftPLP";
			};
			name = Release;
		};
		87AF37BB2CF4E930002A22BD /* Debug */ = {
			isa = XCBuildConfiguration;
			buildSettings = {
				CODE_SIGN_STYLE = Automatic;
				CURRENT_PROJECT_VERSION = 1;
				DEVELOPMENT_TEAM = 5QV8LT4R33;
				GENERATE_INFOPLIST_FILE = YES;
				MARKETING_VERSION = 1.0;
				PRODUCT_BUNDLE_IDENTIFIER = org.canfly.swiftPLPUITests;
				PRODUCT_NAME = "$(TARGET_NAME)";
				SWIFT_EMIT_LOC_STRINGS = NO;
				SWIFT_VERSION = 5.0;
				TEST_TARGET_NAME = swiftPLP;
			};
			name = Debug;
		};
		87AF37BC2CF4E930002A22BD /* Release */ = {
			isa = XCBuildConfiguration;
			buildSettings = {
				CODE_SIGN_STYLE = Automatic;
				CURRENT_PROJECT_VERSION = 1;
				DEVELOPMENT_TEAM = 5QV8LT4R33;
				GENERATE_INFOPLIST_FILE = YES;
				MARKETING_VERSION = 1.0;
				PRODUCT_BUNDLE_IDENTIFIER = org.canfly.swiftPLPUITests;
				PRODUCT_NAME = "$(TARGET_NAME)";
				SWIFT_EMIT_LOC_STRINGS = NO;
				SWIFT_VERSION = 5.0;
				TEST_TARGET_NAME = swiftPLP;
			};
			name = Release;
		};
/* End XCBuildConfiguration section */

/* Begin XCConfigurationList section */
		87AF378A2CF4E92E002A22BD /* Build configuration list for PBXProject "swiftPLP" */ = {
			isa = XCConfigurationList;
			buildConfigurations = (
				87AF37B22CF4E930002A22BD /* Debug */,
				87AF37B32CF4E930002A22BD /* Release */,
			);
			defaultConfigurationIsVisible = 0;
			defaultConfigurationName = Release;
		};
		87AF37B42CF4E930002A22BD /* Build configuration list for PBXNativeTarget "swiftPLP" */ = {
			isa = XCConfigurationList;
			buildConfigurations = (
				87AF37B52CF4E930002A22BD /* Debug */,
				87AF37B62CF4E930002A22BD /* Release */,
			);
			defaultConfigurationIsVisible = 0;
			defaultConfigurationName = Release;
		};
		87AF37B72CF4E930002A22BD /* Build configuration list for PBXNativeTarget "swiftPLPTests" */ = {
			isa = XCConfigurationList;
			buildConfigurations = (
				87AF37B82CF4E930002A22BD /* Debug */,
				87AF37B92CF4E930002A22BD /* Release */,
			);
			defaultConfigurationIsVisible = 0;
			defaultConfigurationName = Release;
		};
		87AF37BA2CF4E930002A22BD /* Build configuration list for PBXNativeTarget "swiftPLPUITests" */ = {
			isa = XCConfigurationList;
			buildConfigurations = (
				87AF37BB2CF4E930002A22BD /* Debug */,
				87AF37BC2CF4E930002A22BD /* Release */,
			);
			defaultConfigurationIsVisible = 0;
			defaultConfigurationName = Release;
		};
/* End XCConfigurationList section */
	};
	rootObject = 87AF37872CF4E92E002A22BD /* Project object */;
}
